// !$*UTF8*$!
{
	archiveVersion = 1;
	classes = {
	};
	objectVersion = 50;
	objects = {

/* Begin PBXBuildFile section */
		BD97AF4A24949B96009109BF /* AppDelegate.swift in Sources */ = {isa = PBXBuildFile; fileRef = BD97AF4924949B96009109BF /* AppDelegate.swift */; };
		BD97AF4C24949B96009109BF /* SceneDelegate.swift in Sources */ = {isa = PBXBuildFile; fileRef = BD97AF4B24949B96009109BF /* SceneDelegate.swift */; };
		BD97AF4E24949B96009109BF /* ViewController.swift in Sources */ = {isa = PBXBuildFile; fileRef = BD97AF4D24949B96009109BF /* ViewController.swift */; };
		BD97AF5124949B96009109BF /* Main.storyboard in Resources */ = {isa = PBXBuildFile; fileRef = BD97AF4F24949B96009109BF /* Main.storyboard */; };
		BD97AF5324949BAD009109BF /* Assets.xcassets in Resources */ = {isa = PBXBuildFile; fileRef = BD97AF5224949BAD009109BF /* Assets.xcassets */; };
		BD97AF5624949BAD009109BF /* LaunchScreen.storyboard in Resources */ = {isa = PBXBuildFile; fileRef = BD97AF5424949BAD009109BF /* LaunchScreen.storyboard */; };
/* End PBXBuildFile section */

/* Begin PBXFileReference section */
		BD97AF4624949B96009109BF /* FindWay_ Raghav_C0780996.app */ = {isa = PBXFileReference; explicitFileType = wrapper.application; includeInIndex = 0; path = "FindWay_ Raghav_C0780996.app"; sourceTree = BUILT_PRODUCTS_DIR; };
		BD97AF4924949B96009109BF /* AppDelegate.swift */ = {isa = PBXFileReference; lastKnownFileType = sourcecode.swift; path = AppDelegate.swift; sourceTree = "<group>"; };
		BD97AF4B24949B96009109BF /* SceneDelegate.swift */ = {isa = PBXFileReference; lastKnownFileType = sourcecode.swift; path = SceneDelegate.swift; sourceTree = "<group>"; };
		BD97AF4D24949B96009109BF /* ViewController.swift */ = {isa = PBXFileReference; lastKnownFileType = sourcecode.swift; path = ViewController.swift; sourceTree = "<group>"; };
		BD97AF5024949B96009109BF /* Base */ = {isa = PBXFileReference; lastKnownFileType = file.storyboard; name = Base; path = Base.lproj/Main.storyboard; sourceTree = "<group>"; };
		BD97AF5224949BAD009109BF /* Assets.xcassets */ = {isa = PBXFileReference; lastKnownFileType = folder.assetcatalog; path = Assets.xcassets; sourceTree = "<group>"; };
		BD97AF5524949BAD009109BF /* Base */ = {isa = PBXFileReference; lastKnownFileType = file.storyboard; name = Base; path = Base.lproj/LaunchScreen.storyboard; sourceTree = "<group>"; };
		BD97AF5724949BAD009109BF /* Info.plist */ = {isa = PBXFileReference; lastKnownFileType = text.plist.xml; path = Info.plist; sourceTree = "<group>"; };
/* End PBXFileReference section */

/* Begin PBXFrameworksBuildPhase section */
		BD97AF4324949B96009109BF /* Frameworks */ = {
			isa = PBXFrameworksBuildPhase;
			buildActionMask = 2147483647;
			files = (
			);
			runOnlyForDeploymentPostprocessing = 0;
		};
/* End PBXFrameworksBuildPhase section */

/* Begin PBXGroup section */
		BD97AF3D24949B95009109BF = {
			isa = PBXGroup;
			children = (
				BD97AF4824949B96009109BF /* FindWay_ Raghav_C0780996 */,
				BD97AF4724949B96009109BF /* Products */,
			);
			sourceTree = "<group>";
		};
		BD97AF4724949B96009109BF /* Products */ = {
			isa = PBXGroup;
			children = (
				BD97AF4624949B96009109BF /* FindWay_ Raghav_C0780996.app */,
			);
			name = Products;
			sourceTree = "<group>";
		};
		BD97AF4824949B96009109BF /* FindWay_ Raghav_C0780996 */ = {
			isa = PBXGroup;
			children = (
				BD97AF4924949B96009109BF /* AppDelegate.swift */,
				BD97AF4B24949B96009109BF /* SceneDelegate.swift */,
				BD97AF4D24949B96009109BF /* ViewController.swift */,
				BD97AF4F24949B96009109BF /* Main.storyboard */,
				BD97AF5224949BAD009109BF /* Assets.xcassets */,
				BD97AF5424949BAD009109BF /* LaunchScreen.storyboard */,
				BD97AF5724949BAD009109BF /* Info.plist */,
			);
			path = "FindWay_ Raghav_C0780996";
			sourceTree = "<group>";
		};
/* End PBXGroup section */

/* Begin PBXNativeTarget section */
		BD97AF4524949B96009109BF /* FindWay_ Raghav_C0780996 */ = {
			isa = PBXNativeTarget;
			buildConfigurationList = BD97AF5A24949BAD009109BF /* Build configuration list for PBXNativeTarget "FindWay_ Raghav_C0780996" */;
			buildPhases = (
				BD97AF4224949B96009109BF /* Sources */,
				BD97AF4324949B96009109BF /* Frameworks */,
				BD97AF4424949B96009109BF /* Resources */,
			);
			buildRules = (
			);
			dependencies = (
			);
			name = "FindWay_ Raghav_C0780996";
			productName = "FindWay_ Raghav_C0780996";
			productReference = BD97AF4624949B96009109BF /* FindWay_ Raghav_C0780996.app */;
			productType = "com.apple.product-type.application";
		};
/* End PBXNativeTarget section */

/* Begin PBXProject section */
		BD97AF3E24949B95009109BF /* Project object */ = {
			isa = PBXProject;
			attributes = {
				LastSwiftUpdateCheck = 1150;
				LastUpgradeCheck = 1150;
				ORGANIZATIONNAME = com.lambton;
				TargetAttributes = {
					BD97AF4524949B96009109BF = {
						CreatedOnToolsVersion = 11.5;
					};
				};
			};
			buildConfigurationList = BD97AF4124949B95009109BF /* Build configuration list for PBXProject "FindWay_ Raghav_C0780996" */;
			compatibilityVersion = "Xcode 9.3";
			developmentRegion = en;
			hasScannedForEncodings = 0;
			knownRegions = (
				en,
				Base,
			);
			mainGroup = BD97AF3D24949B95009109BF;
			productRefGroup = BD97AF4724949B96009109BF /* Products */;
			projectDirPath = "";
			projectRoot = "";
			targets = (
				BD97AF4524949B96009109BF /* FindWay_ Raghav_C0780996 */,
			);
		};
/* End PBXProject section */

/* Begin PBXResourcesBuildPhase section */
		BD97AF4424949B96009109BF /* Resources */ = {
			isa = PBXResourcesBuildPhase;
			buildActionMask = 2147483647;
			files = (
				BD97AF5624949BAD009109BF /* LaunchScreen.storyboard in Resources */,
				BD97AF5324949BAD009109BF /* Assets.xcassets in Resources */,
				BD97AF5124949B96009109BF /* Main.storyboard in Resources */,
			);
			runOnlyForDeploymentPostprocessing = 0;
		};
/* End PBXResourcesBuildPhase section */

/* Begin PBXSourcesBuildPhase section */
		BD97AF4224949B96009109BF /* Sources */ = {
			isa = PBXSourcesBuildPhase;
			buildActionMask = 2147483647;
			files = (
				BD97AF4E24949B96009109BF /* ViewController.swift in Sources */,
				BD97AF4A24949B96009109BF /* AppDelegate.swift in Sources */,
				BD97AF4C24949B96009109BF /* SceneDelegate.swift in Sources */,
			);
			runOnlyForDeploymentPostprocessing = 0;
		};
/* End PBXSourcesBuildPhase section */

/* Begin PBXVariantGroup section */
		BD97AF4F24949B96009109BF /* Main.storyboard */ = {
			isa = PBXVariantGroup;
			children = (
				BD97AF5024949B96009109BF /* Base */,
			);
			name = Main.storyboard;
			sourceTree = "<group>";
		};
		BD97AF5424949BAD009109BF /* LaunchScreen.storyboard */ = {
			isa = PBXVariantGroup;
			children = (
				BD97AF5524949BAD009109BF /* Base */,
			);
			name = LaunchScreen.storyboard;
			sourceTree = "<group>";
		};
/* End PBXVariantGroup section */

/* Begin XCBuildConfiguration section */
		BD97AF5824949BAD009109BF /* Debug */ = {
			isa = XCBuildConfiguration;
			buildSettings = {
				ALWAYS_SEARCH_USER_PATHS = NO;
				CLANG_ANALYZER_NONNULL = YES;
				CLANG_ANALYZER_NUMBER_OBJECT_CONVERSION = YES_AGGRESSIVE;
				CLANG_CXX_LANGUAGE_STANDARD = "gnu++14";
				CLANG_CXX_LIBRARY = "libc++";
				CLANG_ENABLE_MODULES = YES;
				CLANG_ENABLE_OBJC_ARC = YES;
				CLANG_ENABLE_OBJC_WEAK = YES;
				CLANG_WARN_BLOCK_CAPTURE_AUTORELEASING = YES;
				CLANG_WARN_BOOL_CONVERSION = YES;
				CLANG_WARN_COMMA = YES;
				CLANG_WARN_CONSTANT_CONVERSION = YES;
				CLANG_WARN_DEPRECATED_OBJC_IMPLEMENTATIONS = YES;
				CLANG_WARN_DIRECT_OBJC_ISA_USAGE = YES_ERROR;
				CLANG_WARN_DOCUMENTATION_COMMENTS = YES;
				CLANG_WARN_EMPTY_BODY = YES;
				CLANG_WARN_ENUM_CONVERSION = YES;
				CLANG_WARN_INFINITE_RECURSION = YES;
				CLANG_WARN_INT_CONVERSION = YES;
				CLANG_WARN_NON_LITERAL_NULL_CONVERSION = YES;
				CLANG_WARN_OBJC_IMPLICIT_RETAIN_SELF = YES;
				CLANG_WARN_OBJC_LITERAL_CONVERSION = YES;
				CLANG_WARN_OBJC_ROOT_CLASS = YES_ERROR;
				CLANG_WARN_RANGE_LOOP_ANALYSIS = YES;
				CLANG_WARN_STRICT_PROTOTYPES = YES;
				CLANG_WARN_SUSPICIOUS_MOVE = YES;
				CLANG_WARN_UNGUARDED_AVAILABILITY = YES_AGGRESSIVE;
				CLANG_WARN_UNREACHABLE_CODE = YES;
				CLANG_WARN__DUPLICATE_METHOD_MATCH = YES;
				COPY_PHASE_STRIP = NO;
				DEBUG_INFORMATION_FORMAT = dwarf;
				ENABLE_STRICT_OBJC_MSGSEND = YES;
				ENABLE_TESTABILITY = YES;
				GCC_C_LANGUAGE_STANDARD = gnu11;
				GCC_DYNAMIC_NO_PIC = NO;
				GCC_NO_COMMON_BLOCKS = YES;
				GCC_OPTIMIZATION_LEVEL = 0;
				GCC_PREPROCESSOR_DEFINITIONS = (
					"DEBUG=1",
					"$(inherited)",
				);
				GCC_WARN_64_TO_32_BIT_CONVERSION = YES;
				GCC_WARN_ABOUT_RETURN_TYPE = YES_ERROR;
				GCC_WARN_UNDECLARED_SELECTOR = YES;
				GCC_WARN_UNINITIALIZED_AUTOS = YES_AGGRESSIVE;
				GCC_WARN_UNUSED_FUNCTION = YES;
				GCC_WARN_UNUSED_VARIABLE = YES;
				IPHONEOS_DEPLOYMENT_TARGET = 13.5;
				MTL_ENABLE_DEBUG_INFO = INCLUDE_SOURCE;
				MTL_FAST_MATH = YES;
				ONLY_ACTIVE_ARCH = YES;
				SDKROOT = iphoneos;
				SWIFT_ACTIVE_COMPILATION_CONDITIONS = DEBUG;
				SWIFT_OPTIMIZATION_LEVEL = "-Onone";
			};
			name = Debug;
		};
		BD97AF5924949BAD009109BF /* Release */ = {
			isa = XCBuildConfiguration;
			buildSettings = {
				ALWAYS_SEARCH_USER_PATHS = NO;
				CLANG_ANALYZER_NONNULL = YES;
				CLANG_ANALYZER_NUMBER_OBJECT_CONVERSION = YES_AGGRESSIVE;
				CLANG_CXX_LANGUAGE_STANDARD = "gnu++14";
				CLANG_CXX_LIBRARY = "libc++";
				CLANG_ENABLE_MODULES = YES;
				CLANG_ENABLE_OBJC_ARC = YES;
				CLANG_ENABLE_OBJC_WEAK = YES;
				CLANG_WARN_BLOCK_CAPTURE_AUTORELEASING = YES;
				CLANG_WARN_BOOL_CONVERSION = YES;
				CLANG_WARN_COMMA = YES;
				CLANG_WARN_CONSTANT_CONVERSION = YES;
				CLANG_WARN_DEPRECATED_OBJC_IMPLEMENTATIONS = YES;
				CLANG_WARN_DIRECT_OBJC_ISA_USAGE = YES_ERROR;
				CLANG_WARN_DOCUMENTATION_COMMENTS = YES;
				CLANG_WARN_EMPTY_BODY = YES;
				CLANG_WARN_ENUM_CONVERSION = YES;
				CLANG_WARN_INFINITE_RECURSION = YES;
				CLANG_WARN_INT_CONVERSION = YES;
				CLANG_WARN_NON_LITERAL_NULL_CONVERSION = YES;
				CLANG_WARN_OBJC_IMPLICIT_RETAIN_SELF = YES;
				CLANG_WARN_OBJC_LITERAL_CONVERSION = YES;
				CLANG_WARN_OBJC_ROOT_CLASS = YES_ERROR;
				CLANG_WARN_RANGE_LOOP_ANALYSIS = YES;
				CLANG_WARN_STRICT_PROTOTYPES = YES;
				CLANG_WARN_SUSPICIOUS_MOVE = YES;
				CLANG_WARN_UNGUARDED_AVAILABILITY = YES_AGGRESSIVE;
				CLANG_WARN_UNREACHABLE_CODE = YES;
				CLANG_WARN__DUPLICATE_METHOD_MATCH = YES;
				COPY_PHASE_STRIP = NO;
				DEBUG_INFORMATION_FORMAT = "dwarf-with-dsym";
				ENABLE_NS_ASSERTIONS = NO;
				ENABLE_STRICT_OBJC_MSGSEND = YES;
				GCC_C_LANGUAGE_STANDARD = gnu11;
				GCC_NO_COMMON_BLOCKS = YES;
				GCC_WARN_64_TO_32_BIT_CONVERSION = YES;
				GCC_WARN_ABOUT_RETURN_TYPE = YES_ERROR;
				GCC_WARN_UNDECLARED_SELECTOR = YES;
				GCC_WARN_UNINITIALIZED_AUTOS = YES_AGGRESSIVE;
				GCC_WARN_UNUSED_FUNCTION = YES;
				GCC_WARN_UNUSED_VARIABLE = YES;
				IPHONEOS_DEPLOYMENT_TARGET = 13.5;
				MTL_ENABLE_DEBUG_INFO = NO;
				MTL_FAST_MATH = YES;
				SDKROOT = iphoneos;
				SWIFT_COMPILATION_MODE = wholemodule;
				SWIFT_OPTIMIZATION_LEVEL = "-O";
				VALIDATE_PRODUCT = YES;
			};
			name = Release;
		};
		BD97AF5B24949BAD009109BF /* Debug */ = {
			isa = XCBuildConfiguration;
			buildSettings = {
				ASSETCATALOG_COMPILER_APPICON_NAME = AppIcon;
				CODE_SIGN_STYLE = Automatic;
				DEVELOPMENT_TEAM = 99SYV7BWD8;
				INFOPLIST_FILE = "FindWay_ Raghav_C0780996/Info.plist";
				IPHONEOS_DEPLOYMENT_TARGET = 13.3;
				LD_RUNPATH_SEARCH_PATHS = (
					"$(inherited)",
					"@executable_path/Frameworks",
				);
				PRODUCT_BUNDLE_IDENTIFIER = "RaghavBobal.FindWay--Raghav-C0780996";
				PRODUCT_NAME = "$(TARGET_NAME)";
				SWIFT_VERSION = 5.0;
				TARGETED_DEVICE_FAMILY = 1;
			};
			name = Debug;
		};
		BD97AF5C24949BAD009109BF /* Release */ = {
			isa = XCBuildConfiguration;
			buildSettings = {
				ASSETCATALOG_COMPILER_APPICON_NAME = AppIcon;
				CODE_SIGN_STYLE = Automatic;
				DEVELOPMENT_TEAM = 99SYV7BWD8;
				INFOPLIST_FILE = "FindWay_ Raghav_C0780996/Info.plist";
				IPHONEOS_DEPLOYMENT_TARGET = 13.3;
				LD_RUNPATH_SEARCH_PATHS = (
					"$(inherited)",
					"@executable_path/Frameworks",
				);
				PRODUCT_BUNDLE_IDENTIFIER = "RaghavBobal.FindWay--Raghav-C0780996";
				PRODUCT_NAME = "$(TARGET_NAME)";
				SWIFT_VERSION = 5.0;
				TARGETED_DEVICE_FAMILY = 1;
			};
			name = Release;
		};
/* End XCBuildConfiguration section */

/* Begin XCConfigurationList section */
		BD97AF4124949B95009109BF /* Build configuration list for PBXProject "FindWay_ Raghav_C0780996" */ = {
			isa = XCConfigurationList;
			buildConfigurations = (
				BD97AF5824949BAD009109BF /* Debug */,
				BD97AF5924949BAD009109BF /* Release */,
			);
			defaultConfigurationIsVisible = 0;
			defaultConfigurationName = Release;
		};
		BD97AF5A24949BAD009109BF /* Build configuration list for PBXNativeTarget "FindWay_ Raghav_C0780996" */ = {
			isa = XCConfigurationList;
			buildConfigurations = (
				BD97AF5B24949BAD009109BF /* Debug */,
				BD97AF5C24949BAD009109BF /* Release */,
			);
			defaultConfigurationIsVisible = 0;
			defaultConfigurationName = Release;
		};
/* End XCConfigurationList section */
	};
	rootObject = BD97AF3E24949B95009109BF /* Project object */;
}
